// !$*UTF8*$!
{
	archiveVersion = 1;
	classes = {
	};
	objectVersion = 56;
	objects = {

/* Begin PBXBuildFile section */
		511CDFBC2982C540002D510B /* EmotionContentsView.swift in Sources */ = {isa = PBXBuildFile; fileRef = 511CDFBB2982C540002D510B /* EmotionContentsView.swift */; };
		512DEBB42993CACF004DEB04 /* Analyze.swift in Sources */ = {isa = PBXBuildFile; fileRef = 512DEBB32993CACF004DEB04 /* Analyze.swift */; };
		513A9A6529AA067D00AE66A1 /* PostitionListDTO.swift in Sources */ = {isa = PBXBuildFile; fileRef = 513A9A6429AA067D00AE66A1 /* PostitionListDTO.swift */; };
		513A9A6729AA092C00AE66A1 /* EmotionChart.swift in Sources */ = {isa = PBXBuildFile; fileRef = 513A9A6629AA092C00AE66A1 /* EmotionChart.swift */; };
		513A9A6929AA095600AE66A1 /* ChartPoint.swift in Sources */ = {isa = PBXBuildFile; fileRef = 513A9A6829AA095600AE66A1 /* ChartPoint.swift */; };
		513A9A6B29AA2AB700AE66A1 /* EmotionView.swift in Sources */ = {isa = PBXBuildFile; fileRef = 513A9A6A29AA2AB700AE66A1 /* EmotionView.swift */; };
		514077332996326800585A88 /* EmotionInitialList.json in Resources */ = {isa = PBXBuildFile; fileRef = 514077322996326800585A88 /* EmotionInitialList.json */; };
		514077352996349F00585A88 /* InitialEmotion.swift in Sources */ = {isa = PBXBuildFile; fileRef = 514077342996349F00585A88 /* InitialEmotion.swift */; };
		51407739299668D700585A88 /* ElementsView.swift in Sources */ = {isa = PBXBuildFile; fileRef = 51407738299668D700585A88 /* ElementsView.swift */; };
		514077482996D23900585A88 /* Emotion+CoreDataClass.swift in Sources */ = {isa = PBXBuildFile; fileRef = 514077442996D23900585A88 /* Emotion+CoreDataClass.swift */; };
		514077492996D23900585A88 /* Emotion+CoreDataProperties.swift in Sources */ = {isa = PBXBuildFile; fileRef = 514077452996D23900585A88 /* Emotion+CoreDataProperties.swift */; };
		5140774A2996D23900585A88 /* DayDetail+CoreDataClass.swift in Sources */ = {isa = PBXBuildFile; fileRef = 514077462996D23900585A88 /* DayDetail+CoreDataClass.swift */; };
		5140774B2996D23900585A88 /* DayDetail+CoreDataProperties.swift in Sources */ = {isa = PBXBuildFile; fileRef = 514077472996D23900585A88 /* DayDetail+CoreDataProperties.swift */; };
		51427FB229978AE40078AC53 /* SubEmotion.swift in Sources */ = {isa = PBXBuildFile; fileRef = 51427FB129978AE40078AC53 /* SubEmotion.swift */; };
		5162FBD9299567CA00E34A85 /* EmotionDesign.xcdatamodeld in Sources */ = {isa = PBXBuildFile; fileRef = 5162FBD7299567CA00E34A85 /* EmotionDesign.xcdatamodeld */; };
		5162FBE3299574D500E34A85 /* DataController.swift in Sources */ = {isa = PBXBuildFile; fileRef = 5162FBE2299574D500E34A85 /* DataController.swift */; };
		51796D3329ADE3D900878F17 /* JSONReader.swift in Sources */ = {isa = PBXBuildFile; fileRef = 51796D3229ADE3D900878F17 /* JSONReader.swift */; };
		51796D3729AE26B800878F17 /* EmotionJournalEntryView.swift in Sources */ = {isa = PBXBuildFile; fileRef = 51796D3629AE26B800878F17 /* EmotionJournalEntryView.swift */; };
		51796D3929AE28F400878F17 /* ChartFilter.swift in Sources */ = {isa = PBXBuildFile; fileRef = 51796D3829AE28F400878F17 /* ChartFilter.swift */; };
		51796D3B29AE2D6400878F17 /* ChartView.swift in Sources */ = {isa = PBXBuildFile; fileRef = 51796D3A29AE2D6400878F17 /* ChartView.swift */; };
		5186757F298655AB006BE4D0 /* ButtonView.swift in Sources */ = {isa = PBXBuildFile; fileRef = 5186757E298655AB006BE4D0 /* ButtonView.swift */; };
		518675812986E6E0006BE4D0 /* EmotionDTO.swift in Sources */ = {isa = PBXBuildFile; fileRef = 518675802986E6E0006BE4D0 /* EmotionDTO.swift */; };
		518ED6BD29A4B8E800DA3669 /* ScheduleView.swift in Sources */ = {isa = PBXBuildFile; fileRef = 518ED6BC29A4B8E800DA3669 /* ScheduleView.swift */; };
		518ED6C229A5149800DA3669 /* AppNotification+CoreDataClass.swift in Sources */ = {isa = PBXBuildFile; fileRef = 518ED6BE29A5149700DA3669 /* AppNotification+CoreDataClass.swift */; };
		518ED6C329A5149800DA3669 /* AppNotification+CoreDataProperties.swift in Sources */ = {isa = PBXBuildFile; fileRef = 518ED6BF29A5149800DA3669 /* AppNotification+CoreDataProperties.swift */; };
		518ED6C429A5149800DA3669 /* AppWeekday+CoreDataClass.swift in Sources */ = {isa = PBXBuildFile; fileRef = 518ED6C029A5149800DA3669 /* AppWeekday+CoreDataClass.swift */; };
		518ED6C529A5149800DA3669 /* AppWeekday+CoreDataProperties.swift in Sources */ = {isa = PBXBuildFile; fileRef = 518ED6C129A5149800DA3669 /* AppWeekday+CoreDataProperties.swift */; };
		518ED6C729A5FC7E00DA3669 /* DayList.swift in Sources */ = {isa = PBXBuildFile; fileRef = 518ED6C629A5FC7E00DA3669 /* DayList.swift */; };
		518ED6C929A6011900DA3669 /* NotificationEntry.swift in Sources */ = {isa = PBXBuildFile; fileRef = 518ED6C829A6011900DA3669 /* NotificationEntry.swift */; };
		518ED6CB29A605B600DA3669 /* ScheduledNotification.swift in Sources */ = {isa = PBXBuildFile; fileRef = 518ED6CA29A605B600DA3669 /* ScheduledNotification.swift */; };
		518ED6D029A661BB00DA3669 /* NotificationList+CoreDataClass.swift in Sources */ = {isa = PBXBuildFile; fileRef = 518ED6CE29A661BB00DA3669 /* NotificationList+CoreDataClass.swift */; };
		518ED6D129A661BB00DA3669 /* NotificationList+CoreDataProperties.swift in Sources */ = {isa = PBXBuildFile; fileRef = 518ED6CF29A661BB00DA3669 /* NotificationList+CoreDataProperties.swift */; };
		518ED6D529A7FA6000DA3669 /* ChartController.swift in Sources */ = {isa = PBXBuildFile; fileRef = 518ED6D429A7FA6000DA3669 /* ChartController.swift */; };
		5190C78E29A0E8A200E4E2B0 /* InfoView.swift in Sources */ = {isa = PBXBuildFile; fileRef = 5190C78D29A0E8A200E4E2B0 /* InfoView.swift */; };
		51A07DDB29A3FA37009F18A0 /* NotificationView.swift in Sources */ = {isa = PBXBuildFile; fileRef = 51A07DDA29A3FA37009F18A0 /* NotificationView.swift */; };
		51A07DDD29A402CE009F18A0 /* HomeScreen.swift in Sources */ = {isa = PBXBuildFile; fileRef = 51A07DDC29A402CE009F18A0 /* HomeScreen.swift */; };
		51C3C6F029BB0D2300D50359 /* FunctionLayer.swift in Sources */ = {isa = PBXBuildFile; fileRef = 51C3C6EF29BB0D2300D50359 /* FunctionLayer.swift */; };
		51D4151B298132BC001D367B /* EmotionDesignApp.swift in Sources */ = {isa = PBXBuildFile; fileRef = 51D4151A298132BC001D367B /* EmotionDesignApp.swift */; };
		51D4151D298132BC001D367B /* ContentView.swift in Sources */ = {isa = PBXBuildFile; fileRef = 51D4151C298132BC001D367B /* ContentView.swift */; };
		51D4151F298132BF001D367B /* Assets.xcassets in Resources */ = {isa = PBXBuildFile; fileRef = 51D4151E298132BF001D367B /* Assets.xcassets */; };
		51D41522298132BF001D367B /* Preview Assets.xcassets in Resources */ = {isa = PBXBuildFile; fileRef = 51D41521298132BF001D367B /* Preview Assets.xcassets */; };
		51D4153129813DDF001D367B /* ColorMap.swift in Sources */ = {isa = PBXBuildFile; fileRef = 51D4153029813DDF001D367B /* ColorMap.swift */; };
		51F067F3299003CB00972459 /* EmotionDetailsView.swift in Sources */ = {isa = PBXBuildFile; fileRef = 51F067F2299003CB00972459 /* EmotionDetailsView.swift */; };
/* End PBXBuildFile section */

/* Begin PBXFileReference section */
		511CDFBB2982C540002D510B /* EmotionContentsView.swift */ = {isa = PBXFileReference; lastKnownFileType = sourcecode.swift; path = EmotionContentsView.swift; sourceTree = "<group>"; };
		512DEBB32993CACF004DEB04 /* Analyze.swift */ = {isa = PBXFileReference; lastKnownFileType = sourcecode.swift; name = Analyze.swift; path = EmotionDesign/View/Analyze.swift; sourceTree = SOURCE_ROOT; };
		5135FBE529B09A760031BF9E /* EmotionDesign.entitlements */ = {isa = PBXFileReference; lastKnownFileType = text.plist.entitlements; path = EmotionDesign.entitlements; sourceTree = "<group>"; };
		513A9A6429AA067D00AE66A1 /* PostitionListDTO.swift */ = {isa = PBXFileReference; lastKnownFileType = sourcecode.swift; path = PostitionListDTO.swift; sourceTree = "<group>"; };
		513A9A6629AA092C00AE66A1 /* EmotionChart.swift */ = {isa = PBXFileReference; lastKnownFileType = sourcecode.swift; path = EmotionChart.swift; sourceTree = "<group>"; };
		513A9A6829AA095600AE66A1 /* ChartPoint.swift */ = {isa = PBXFileReference; lastKnownFileType = sourcecode.swift; path = ChartPoint.swift; sourceTree = "<group>"; };
		513A9A6A29AA2AB700AE66A1 /* EmotionView.swift */ = {isa = PBXFileReference; lastKnownFileType = sourcecode.swift; path = EmotionView.swift; sourceTree = "<group>"; };
		514077322996326800585A88 /* EmotionInitialList.json */ = {isa = PBXFileReference; fileEncoding = 4; lastKnownFileType = text.json; path = EmotionInitialList.json; sourceTree = "<group>"; };
		514077342996349F00585A88 /* InitialEmotion.swift */ = {isa = PBXFileReference; lastKnownFileType = sourcecode.swift; path = InitialEmotion.swift; sourceTree = "<group>"; };
		51407738299668D700585A88 /* ElementsView.swift */ = {isa = PBXFileReference; lastKnownFileType = sourcecode.swift; path = ElementsView.swift; sourceTree = "<group>"; };
		514077442996D23900585A88 /* Emotion+CoreDataClass.swift */ = {isa = PBXFileReference; lastKnownFileType = sourcecode.swift; path = "Emotion+CoreDataClass.swift"; sourceTree = "<group>"; };
		514077452996D23900585A88 /* Emotion+CoreDataProperties.swift */ = {isa = PBXFileReference; lastKnownFileType = sourcecode.swift; path = "Emotion+CoreDataProperties.swift"; sourceTree = "<group>"; };
		514077462996D23900585A88 /* DayDetail+CoreDataClass.swift */ = {isa = PBXFileReference; lastKnownFileType = sourcecode.swift; path = "DayDetail+CoreDataClass.swift"; sourceTree = "<group>"; };
		514077472996D23900585A88 /* DayDetail+CoreDataProperties.swift */ = {isa = PBXFileReference; lastKnownFileType = sourcecode.swift; path = "DayDetail+CoreDataProperties.swift"; sourceTree = "<group>"; };
		51427FB129978AE40078AC53 /* SubEmotion.swift */ = {isa = PBXFileReference; lastKnownFileType = sourcecode.swift; path = SubEmotion.swift; sourceTree = "<group>"; };
		5162FBD8299567CA00E34A85 /* EmotionDesign.xcdatamodel */ = {isa = PBXFileReference; lastKnownFileType = wrapper.xcdatamodel; path = EmotionDesign.xcdatamodel; sourceTree = "<group>"; };
		5162FBE2299574D500E34A85 /* DataController.swift */ = {isa = PBXFileReference; lastKnownFileType = sourcecode.swift; path = DataController.swift; sourceTree = "<group>"; };
		51796D3229ADE3D900878F17 /* JSONReader.swift */ = {isa = PBXFileReference; lastKnownFileType = sourcecode.swift; path = JSONReader.swift; sourceTree = "<group>"; };
		51796D3629AE26B800878F17 /* EmotionJournalEntryView.swift */ = {isa = PBXFileReference; lastKnownFileType = sourcecode.swift; path = EmotionJournalEntryView.swift; sourceTree = "<group>"; };
		51796D3829AE28F400878F17 /* ChartFilter.swift */ = {isa = PBXFileReference; lastKnownFileType = sourcecode.swift; path = ChartFilter.swift; sourceTree = "<group>"; };
		51796D3A29AE2D6400878F17 /* ChartView.swift */ = {isa = PBXFileReference; lastKnownFileType = sourcecode.swift; path = ChartView.swift; sourceTree = "<group>"; };
		5186757E298655AB006BE4D0 /* ButtonView.swift */ = {isa = PBXFileReference; lastKnownFileType = sourcecode.swift; path = ButtonView.swift; sourceTree = "<group>"; };
		518675802986E6E0006BE4D0 /* EmotionDTO.swift */ = {isa = PBXFileReference; lastKnownFileType = sourcecode.swift; path = EmotionDTO.swift; sourceTree = "<group>"; };
		518ED6BC29A4B8E800DA3669 /* ScheduleView.swift */ = {isa = PBXFileReference; lastKnownFileType = sourcecode.swift; path = ScheduleView.swift; sourceTree = "<group>"; };
		518ED6BE29A5149700DA3669 /* AppNotification+CoreDataClass.swift */ = {isa = PBXFileReference; lastKnownFileType = sourcecode.swift; path = "AppNotification+CoreDataClass.swift"; sourceTree = "<group>"; };
		518ED6BF29A5149800DA3669 /* AppNotification+CoreDataProperties.swift */ = {isa = PBXFileReference; lastKnownFileType = sourcecode.swift; path = "AppNotification+CoreDataProperties.swift"; sourceTree = "<group>"; };
		518ED6C029A5149800DA3669 /* AppWeekday+CoreDataClass.swift */ = {isa = PBXFileReference; lastKnownFileType = sourcecode.swift; path = "AppWeekday+CoreDataClass.swift"; sourceTree = "<group>"; };
		518ED6C129A5149800DA3669 /* AppWeekday+CoreDataProperties.swift */ = {isa = PBXFileReference; lastKnownFileType = sourcecode.swift; path = "AppWeekday+CoreDataProperties.swift"; sourceTree = "<group>"; };
		518ED6C629A5FC7E00DA3669 /* DayList.swift */ = {isa = PBXFileReference; lastKnownFileType = sourcecode.swift; path = DayList.swift; sourceTree = "<group>"; };
		518ED6C829A6011900DA3669 /* NotificationEntry.swift */ = {isa = PBXFileReference; lastKnownFileType = sourcecode.swift; path = NotificationEntry.swift; sourceTree = "<group>"; };
		518ED6CA29A605B600DA3669 /* ScheduledNotification.swift */ = {isa = PBXFileReference; lastKnownFileType = sourcecode.swift; path = ScheduledNotification.swift; sourceTree = "<group>"; };
		518ED6CE29A661BB00DA3669 /* NotificationList+CoreDataClass.swift */ = {isa = PBXFileReference; lastKnownFileType = sourcecode.swift; path = "NotificationList+CoreDataClass.swift"; sourceTree = "<group>"; };
		518ED6CF29A661BB00DA3669 /* NotificationList+CoreDataProperties.swift */ = {isa = PBXFileReference; lastKnownFileType = sourcecode.swift; path = "NotificationList+CoreDataProperties.swift"; sourceTree = "<group>"; };
		518ED6D429A7FA6000DA3669 /* ChartController.swift */ = {isa = PBXFileReference; fileEncoding = 4; lastKnownFileType = sourcecode.swift; path = ChartController.swift; sourceTree = "<group>"; };
		5190C78D29A0E8A200E4E2B0 /* InfoView.swift */ = {isa = PBXFileReference; lastKnownFileType = sourcecode.swift; path = InfoView.swift; sourceTree = "<group>"; };
		51A07DDA29A3FA37009F18A0 /* NotificationView.swift */ = {isa = PBXFileReference; lastKnownFileType = sourcecode.swift; path = NotificationView.swift; sourceTree = "<group>"; };
		51A07DDC29A402CE009F18A0 /* HomeScreen.swift */ = {isa = PBXFileReference; lastKnownFileType = sourcecode.swift; path = HomeScreen.swift; sourceTree = "<group>"; };
		51C3C6E729BA36B600D50359 /* Info.plist */ = {isa = PBXFileReference; lastKnownFileType = text.plist; path = Info.plist; sourceTree = "<group>"; };
		51C3C6E929BA36D300D50359 /* XCTest.framework */ = {isa = PBXFileReference; lastKnownFileType = wrapper.framework; name = XCTest.framework; path = Platforms/iPhoneOS.platform/Developer/Library/Frameworks/XCTest.framework; sourceTree = DEVELOPER_DIR; };
		51C3C6EF29BB0D2300D50359 /* FunctionLayer.swift */ = {isa = PBXFileReference; lastKnownFileType = sourcecode.swift; path = FunctionLayer.swift; sourceTree = "<group>"; };
		51D41517298132BC001D367B /* EmotionDesign.app */ = {isa = PBXFileReference; explicitFileType = wrapper.application; includeInIndex = 0; path = EmotionDesign.app; sourceTree = BUILT_PRODUCTS_DIR; };
		51D4151A298132BC001D367B /* EmotionDesignApp.swift */ = {isa = PBXFileReference; lastKnownFileType = sourcecode.swift; path = EmotionDesignApp.swift; sourceTree = "<group>"; };
		51D4151C298132BC001D367B /* ContentView.swift */ = {isa = PBXFileReference; lastKnownFileType = sourcecode.swift; path = ContentView.swift; sourceTree = "<group>"; };
		51D4151E298132BF001D367B /* Assets.xcassets */ = {isa = PBXFileReference; lastKnownFileType = folder.assetcatalog; path = Assets.xcassets; sourceTree = "<group>"; };
		51D41521298132BF001D367B /* Preview Assets.xcassets */ = {isa = PBXFileReference; lastKnownFileType = folder.assetcatalog; path = "Preview Assets.xcassets"; sourceTree = "<group>"; };
		51D4153029813DDF001D367B /* ColorMap.swift */ = {isa = PBXFileReference; lastKnownFileType = sourcecode.swift; path = ColorMap.swift; sourceTree = "<group>"; };
		51F067F2299003CB00972459 /* EmotionDetailsView.swift */ = {isa = PBXFileReference; lastKnownFileType = sourcecode.swift; path = EmotionDetailsView.swift; sourceTree = "<group>"; };
/* End PBXFileReference section */

/* Begin PBXFrameworksBuildPhase section */
		51D41514298132BB001D367B /* Frameworks */ = {
			isa = PBXFrameworksBuildPhase;
			buildActionMask = 2147483647;
			files = (
			);
			runOnlyForDeploymentPostprocessing = 0;
		};
/* End PBXFrameworksBuildPhase section */

/* Begin PBXGroup section */
		51C3C6E429BA34D700D50359 /* Tests */ = {
			isa = PBXGroup;
			children = (
			);
			path = Tests;
			sourceTree = "<group>";
		};
		51C3C6E829BA36D100D50359 /* Frameworks */ = {
			isa = PBXGroup;
			children = (
				51C3C6E929BA36D300D50359 /* XCTest.framework */,
			);
			name = Frameworks;
			sourceTree = "<group>";
		};
		51D4150E298132BB001D367B = {
			isa = PBXGroup;
			children = (
				51D41519298132BC001D367B /* EmotionDesign */,
				51D41518298132BC001D367B /* Products */,
				51C3C6E829BA36D100D50359 /* Frameworks */,
			);
			sourceTree = "<group>";
		};
		51D41518298132BC001D367B /* Products */ = {
			isa = PBXGroup;
			children = (
				51D41517298132BC001D367B /* EmotionDesign.app */,
			);
			name = Products;
			sourceTree = "<group>";
		};
		51D41519298132BC001D367B /* EmotionDesign */ = {
			isa = PBXGroup;
			children = (
				51C3C6E729BA36B600D50359 /* Info.plist */,
				51C3C6E429BA34D700D50359 /* Tests */,
				5135FBE529B09A760031BF9E /* EmotionDesign.entitlements */,
				514077322996326800585A88 /* EmotionInitialList.json */,
				51D4151A298132BC001D367B /* EmotionDesignApp.swift */,
				51D4151C298132BC001D367B /* ContentView.swift */,
				51D4152B29813872001D367B /* Repository */,
				51D4152A29813865001D367B /* ViewModel */,
				51D415292981385E001D367B /* View */,
				51D4152829813856001D367B /* Model */,
				51D4151E298132BF001D367B /* Assets.xcassets */,
				51D41520298132BF001D367B /* Preview Content */,
			);
			path = EmotionDesign;
			sourceTree = "<group>";
		};
		51D41520298132BF001D367B /* Preview Content */ = {
			isa = PBXGroup;
			children = (
				51D41521298132BF001D367B /* Preview Assets.xcassets */,
			);
			path = "Preview Content";
			sourceTree = "<group>";
		};
		51D4152829813856001D367B /* Model */ = {
			isa = PBXGroup;
			children = (
				51796D3829AE28F400878F17 /* ChartFilter.swift */,
				513A9A6629AA092C00AE66A1 /* EmotionChart.swift */,
				513A9A6829AA095600AE66A1 /* ChartPoint.swift */,
				513A9A6429AA067D00AE66A1 /* PostitionListDTO.swift */,
				518ED6C829A6011900DA3669 /* NotificationEntry.swift */,
				514077342996349F00585A88 /* InitialEmotion.swift */,
				51427FB129978AE40078AC53 /* SubEmotion.swift */,
				518675802986E6E0006BE4D0 /* EmotionDTO.swift */,
				51D4153029813DDF001D367B /* ColorMap.swift */,
			);
			path = Model;
			sourceTree = "<group>";
		};
		51D415292981385E001D367B /* View */ = {
			isa = PBXGroup;
			children = (
				51A07DDC29A402CE009F18A0 /* HomeScreen.swift */,
				511CDFBB2982C540002D510B /* EmotionContentsView.swift */,
				51407738299668D700585A88 /* ElementsView.swift */,
				5186757E298655AB006BE4D0 /* ButtonView.swift */,
				51F067F2299003CB00972459 /* EmotionDetailsView.swift */,
				5190C78D29A0E8A200E4E2B0 /* InfoView.swift */,
				513A9A6A29AA2AB700AE66A1 /* EmotionView.swift */,
				512DEBB32993CACF004DEB04 /* Analyze.swift */,
				51796D3629AE26B800878F17 /* EmotionJournalEntryView.swift */,
				51796D3A29AE2D6400878F17 /* ChartView.swift */,
				51A07DDA29A3FA37009F18A0 /* NotificationView.swift */,
				518ED6CA29A605B600DA3669 /* ScheduledNotification.swift */,
				518ED6BC29A4B8E800DA3669 /* ScheduleView.swift */,
				518ED6C629A5FC7E00DA3669 /* DayList.swift */,
			);
			path = View;
			sourceTree = "<group>";
		};
		51D4152A29813865001D367B /* ViewModel */ = {
			isa = PBXGroup;
			children = (
				51C3C6EF29BB0D2300D50359 /* FunctionLayer.swift */,
				518ED6CE29A661BB00DA3669 /* NotificationList+CoreDataClass.swift */,
				518ED6CF29A661BB00DA3669 /* NotificationList+CoreDataProperties.swift */,
				518ED6BE29A5149700DA3669 /* AppNotification+CoreDataClass.swift */,
				518ED6BF29A5149800DA3669 /* AppNotification+CoreDataProperties.swift */,
				518ED6C029A5149800DA3669 /* AppWeekday+CoreDataClass.swift */,
				518ED6C129A5149800DA3669 /* AppWeekday+CoreDataProperties.swift */,
				514077442996D23900585A88 /* Emotion+CoreDataClass.swift */,
				514077452996D23900585A88 /* Emotion+CoreDataProperties.swift */,
				514077462996D23900585A88 /* DayDetail+CoreDataClass.swift */,
				514077472996D23900585A88 /* DayDetail+CoreDataProperties.swift */,
				5162FBE2299574D500E34A85 /* DataController.swift */,
				518ED6D429A7FA6000DA3669 /* ChartController.swift */,
				51796D3229ADE3D900878F17 /* JSONReader.swift */,
			);
			path = ViewModel;
			sourceTree = "<group>";
		};
		51D4152B29813872001D367B /* Repository */ = {
			isa = PBXGroup;
			children = (
				5162FBD7299567CA00E34A85 /* EmotionDesign.xcdatamodeld */,
			);
			path = Repository;
			sourceTree = "<group>";
		};
/* End PBXGroup section */

/* Begin PBXNativeTarget section */
		51D41516298132BB001D367B /* EmotionDesign */ = {
			isa = PBXNativeTarget;
			buildConfigurationList = 51D41525298132BF001D367B /* Build configuration list for PBXNativeTarget "EmotionDesign" */;
			buildPhases = (
				51D41513298132BB001D367B /* Sources */,
				51D41514298132BB001D367B /* Frameworks */,
				51D41515298132BB001D367B /* Resources */,
			);
			buildRules = (
			);
			dependencies = (
			);
			name = EmotionDesign;
			productName = EmotionDesign;
			productReference = 51D41517298132BC001D367B /* EmotionDesign.app */;
			productType = "com.apple.product-type.application";
		};
/* End PBXNativeTarget section */

/* Begin PBXProject section */
		51D4150F298132BB001D367B /* Project object */ = {
			isa = PBXProject;
			attributes = {
				BuildIndependentTargetsInParallel = 1;
				LastSwiftUpdateCheck = 1400;
				LastUpgradeCheck = 1400;
				TargetAttributes = {
					51D41516298132BB001D367B = {
						CreatedOnToolsVersion = 14.0.1;
					};
				};
			};
			buildConfigurationList = 51D41512298132BB001D367B /* Build configuration list for PBXProject "EmotionDesign" */;
			compatibilityVersion = "Xcode 14.0";
			developmentRegion = en;
			hasScannedForEncodings = 0;
			knownRegions = (
				en,
			);
			mainGroup = 51D4150E298132BB001D367B;
			productRefGroup = 51D41518298132BC001D367B /* Products */;
			projectDirPath = "";
			projectRoot = "";
			targets = (
				51D41516298132BB001D367B /* EmotionDesign */,
			);
		};
/* End PBXProject section */

/* Begin PBXResourcesBuildPhase section */
		51D41515298132BB001D367B /* Resources */ = {
			isa = PBXResourcesBuildPhase;
			buildActionMask = 2147483647;
			files = (
				51D41522298132BF001D367B /* Preview Assets.xcassets in Resources */,
				51D4151F298132BF001D367B /* Assets.xcassets in Resources */,
				514077332996326800585A88 /* EmotionInitialList.json in Resources */,
			);
			runOnlyForDeploymentPostprocessing = 0;
		};
/* End PBXResourcesBuildPhase section */

/* Begin PBXSourcesBuildPhase section */
		51D41513298132BB001D367B /* Sources */ = {
			isa = PBXSourcesBuildPhase;
			buildActionMask = 2147483647;
			files = (
				51427FB229978AE40078AC53 /* SubEmotion.swift in Sources */,
				51C3C6F029BB0D2300D50359 /* FunctionLayer.swift in Sources */,
				51796D3729AE26B800878F17 /* EmotionJournalEntryView.swift in Sources */,
				51407739299668D700585A88 /* ElementsView.swift in Sources */,
				518ED6C729A5FC7E00DA3669 /* DayList.swift in Sources */,
				51F067F3299003CB00972459 /* EmotionDetailsView.swift in Sources */,
				518ED6C329A5149800DA3669 /* AppNotification+CoreDataProperties.swift in Sources */,
				5140774B2996D23900585A88 /* DayDetail+CoreDataProperties.swift in Sources */,
				513A9A6729AA092C00AE66A1 /* EmotionChart.swift in Sources */,
				518ED6BD29A4B8E800DA3669 /* ScheduleView.swift in Sources */,
				51A07DDB29A3FA37009F18A0 /* NotificationView.swift in Sources */,
				514077352996349F00585A88 /* InitialEmotion.swift in Sources */,
				518ED6CB29A605B600DA3669 /* ScheduledNotification.swift in Sources */,
				51D4151D298132BC001D367B /* ContentView.swift in Sources */,
				513A9A6529AA067D00AE66A1 /* PostitionListDTO.swift in Sources */,
				51796D3B29AE2D6400878F17 /* ChartView.swift in Sources */,
				51796D3929AE28F400878F17 /* ChartFilter.swift in Sources */,
				518675812986E6E0006BE4D0 /* EmotionDTO.swift in Sources */,
				5186757F298655AB006BE4D0 /* ButtonView.swift in Sources */,
				518ED6C529A5149800DA3669 /* AppWeekday+CoreDataProperties.swift in Sources */,
				513A9A6929AA095600AE66A1 /* ChartPoint.swift in Sources */,
				51A07DDD29A402CE009F18A0 /* HomeScreen.swift in Sources */,
				5162FBE3299574D500E34A85 /* DataController.swift in Sources */,
				518ED6D029A661BB00DA3669 /* NotificationList+CoreDataClass.swift in Sources */,
				5162FBD9299567CA00E34A85 /* EmotionDesign.xcdatamodeld in Sources */,
				512DEBB42993CACF004DEB04 /* Analyze.swift in Sources */,
				518ED6D529A7FA6000DA3669 /* ChartController.swift in Sources */,
				5140774A2996D23900585A88 /* DayDetail+CoreDataClass.swift in Sources */,
				5190C78E29A0E8A200E4E2B0 /* InfoView.swift in Sources */,
				514077482996D23900585A88 /* Emotion+CoreDataClass.swift in Sources */,
				514077492996D23900585A88 /* Emotion+CoreDataProperties.swift in Sources */,
				518ED6D129A661BB00DA3669 /* NotificationList+CoreDataProperties.swift in Sources */,
				51796D3329ADE3D900878F17 /* JSONReader.swift in Sources */,
				51D4153129813DDF001D367B /* ColorMap.swift in Sources */,
				513A9A6B29AA2AB700AE66A1 /* EmotionView.swift in Sources */,
				518ED6C429A5149800DA3669 /* AppWeekday+CoreDataClass.swift in Sources */,
				518ED6C929A6011900DA3669 /* NotificationEntry.swift in Sources */,
				518ED6C229A5149800DA3669 /* AppNotification+CoreDataClass.swift in Sources */,
				511CDFBC2982C540002D510B /* EmotionContentsView.swift in Sources */,
				51D4151B298132BC001D367B /* EmotionDesignApp.swift in Sources */,
			);
			runOnlyForDeploymentPostprocessing = 0;
		};
/* End PBXSourcesBuildPhase section */

/* Begin XCBuildConfiguration section */
		51D41523298132BF001D367B /* Debug */ = {
			isa = XCBuildConfiguration;
			buildSettings = {
				ALWAYS_SEARCH_USER_PATHS = NO;
				CLANG_ANALYZER_NONNULL = YES;
				CLANG_ANALYZER_NUMBER_OBJECT_CONVERSION = YES_AGGRESSIVE;
				CLANG_CXX_LANGUAGE_STANDARD = "gnu++20";
				CLANG_ENABLE_MODULES = YES;
				CLANG_ENABLE_OBJC_ARC = YES;
				CLANG_ENABLE_OBJC_WEAK = YES;
				CLANG_WARN_BLOCK_CAPTURE_AUTORELEASING = YES;
				CLANG_WARN_BOOL_CONVERSION = YES;
				CLANG_WARN_COMMA = YES;
				CLANG_WARN_CONSTANT_CONVERSION = YES;
				CLANG_WARN_DEPRECATED_OBJC_IMPLEMENTATIONS = YES;
				CLANG_WARN_DIRECT_OBJC_ISA_USAGE = YES_ERROR;
				CLANG_WARN_DOCUMENTATION_COMMENTS = YES;
				CLANG_WARN_EMPTY_BODY = YES;
				CLANG_WARN_ENUM_CONVERSION = YES;
				CLANG_WARN_INFINITE_RECURSION = YES;
				CLANG_WARN_INT_CONVERSION = YES;
				CLANG_WARN_NON_LITERAL_NULL_CONVERSION = YES;
				CLANG_WARN_OBJC_IMPLICIT_RETAIN_SELF = YES;
				CLANG_WARN_OBJC_LITERAL_CONVERSION = YES;
				CLANG_WARN_OBJC_ROOT_CLASS = YES_ERROR;
				CLANG_WARN_QUOTED_INCLUDE_IN_FRAMEWORK_HEADER = YES;
				CLANG_WARN_RANGE_LOOP_ANALYSIS = YES;
				CLANG_WARN_STRICT_PROTOTYPES = YES;
				CLANG_WARN_SUSPICIOUS_MOVE = YES;
				CLANG_WARN_UNGUARDED_AVAILABILITY = YES_AGGRESSIVE;
				CLANG_WARN_UNREACHABLE_CODE = YES;
				CLANG_WARN__DUPLICATE_METHOD_MATCH = YES;
				COPY_PHASE_STRIP = NO;
				DEBUG_INFORMATION_FORMAT = dwarf;
				ENABLE_STRICT_OBJC_MSGSEND = YES;
				ENABLE_TESTABILITY = YES;
				GCC_C_LANGUAGE_STANDARD = gnu11;
				GCC_DYNAMIC_NO_PIC = NO;
				GCC_NO_COMMON_BLOCKS = YES;
				GCC_OPTIMIZATION_LEVEL = 0;
				GCC_PREPROCESSOR_DEFINITIONS = (
					"DEBUG=1",
					"$(inherited)",
				);
				GCC_WARN_64_TO_32_BIT_CONVERSION = YES;
				GCC_WARN_ABOUT_RETURN_TYPE = YES_ERROR;
				GCC_WARN_UNDECLARED_SELECTOR = YES;
				GCC_WARN_UNINITIALIZED_AUTOS = YES_AGGRESSIVE;
				GCC_WARN_UNUSED_FUNCTION = YES;
				GCC_WARN_UNUSED_VARIABLE = YES;
				IPHONEOS_DEPLOYMENT_TARGET = 16.0;
				MTL_ENABLE_DEBUG_INFO = INCLUDE_SOURCE;
				MTL_FAST_MATH = YES;
				ONLY_ACTIVE_ARCH = YES;
				SDKROOT = iphoneos;
				SWIFT_ACTIVE_COMPILATION_CONDITIONS = DEBUG;
				SWIFT_OPTIMIZATION_LEVEL = "-Onone";
			};
			name = Debug;
		};
		51D41524298132BF001D367B /* Release */ = {
			isa = XCBuildConfiguration;
			buildSettings = {
				ALWAYS_SEARCH_USER_PATHS = NO;
				CLANG_ANALYZER_NONNULL = YES;
				CLANG_ANALYZER_NUMBER_OBJECT_CONVERSION = YES_AGGRESSIVE;
				CLANG_CXX_LANGUAGE_STANDARD = "gnu++20";
				CLANG_ENABLE_MODULES = YES;
				CLANG_ENABLE_OBJC_ARC = YES;
				CLANG_ENABLE_OBJC_WEAK = YES;
				CLANG_WARN_BLOCK_CAPTURE_AUTORELEASING = YES;
				CLANG_WARN_BOOL_CONVERSION = YES;
				CLANG_WARN_COMMA = YES;
				CLANG_WARN_CONSTANT_CONVERSION = YES;
				CLANG_WARN_DEPRECATED_OBJC_IMPLEMENTATIONS = YES;
				CLANG_WARN_DIRECT_OBJC_ISA_USAGE = YES_ERROR;
				CLANG_WARN_DOCUMENTATION_COMMENTS = YES;
				CLANG_WARN_EMPTY_BODY = YES;
				CLANG_WARN_ENUM_CONVERSION = YES;
				CLANG_WARN_INFINITE_RECURSION = YES;
				CLANG_WARN_INT_CONVERSION = YES;
				CLANG_WARN_NON_LITERAL_NULL_CONVERSION = YES;
				CLANG_WARN_OBJC_IMPLICIT_RETAIN_SELF = YES;
				CLANG_WARN_OBJC_LITERAL_CONVERSION = YES;
				CLANG_WARN_OBJC_ROOT_CLASS = YES_ERROR;
				CLANG_WARN_QUOTED_INCLUDE_IN_FRAMEWORK_HEADER = YES;
				CLANG_WARN_RANGE_LOOP_ANALYSIS = YES;
				CLANG_WARN_STRICT_PROTOTYPES = YES;
				CLANG_WARN_SUSPICIOUS_MOVE = YES;
				CLANG_WARN_UNGUARDED_AVAILABILITY = YES_AGGRESSIVE;
				CLANG_WARN_UNREACHABLE_CODE = YES;
				CLANG_WARN__DUPLICATE_METHOD_MATCH = YES;
				COPY_PHASE_STRIP = NO;
				DEBUG_INFORMATION_FORMAT = "dwarf-with-dsym";
				ENABLE_NS_ASSERTIONS = NO;
				ENABLE_STRICT_OBJC_MSGSEND = YES;
				GCC_C_LANGUAGE_STANDARD = gnu11;
				GCC_NO_COMMON_BLOCKS = YES;
				GCC_WARN_64_TO_32_BIT_CONVERSION = YES;
				GCC_WARN_ABOUT_RETURN_TYPE = YES_ERROR;
				GCC_WARN_UNDECLARED_SELECTOR = YES;
				GCC_WARN_UNINITIALIZED_AUTOS = YES_AGGRESSIVE;
				GCC_WARN_UNUSED_FUNCTION = YES;
				GCC_WARN_UNUSED_VARIABLE = YES;
				IPHONEOS_DEPLOYMENT_TARGET = 16.0;
				MTL_ENABLE_DEBUG_INFO = NO;
				MTL_FAST_MATH = YES;
				SDKROOT = iphoneos;
				SWIFT_COMPILATION_MODE = wholemodule;
				SWIFT_OPTIMIZATION_LEVEL = "-O";
				VALIDATE_PRODUCT = YES;
			};
			name = Release;
		};
		51D41526298132BF001D367B /* Debug */ = {
			isa = XCBuildConfiguration;
			buildSettings = {
				ASSETCATALOG_COMPILER_APPICON_NAME = AppIcon;
				ASSETCATALOG_COMPILER_GLOBAL_ACCENT_COLOR_NAME = AccentColor;
				CODE_SIGN_ENTITLEMENTS = EmotionDesign/EmotionDesign.entitlements;
				CODE_SIGN_STYLE = Automatic;
				CURRENT_PROJECT_VERSION = 2;
				DEVELOPMENT_ASSET_PATHS = "\"EmotionDesign/Preview Content\"";
				DEVELOPMENT_TEAM = GB5Z88B74J;
				ENABLE_PREVIEWS = YES;
				GENERATE_INFOPLIST_FILE = YES;
				INFOPLIST_FILE = EmotionDesign/Info.plist;
				INFOPLIST_KEY_UIApplicationSceneManifest_Generation = YES;
				INFOPLIST_KEY_UIApplicationSupportsIndirectInputEvents = YES;
				INFOPLIST_KEY_UILaunchScreen_Generation = YES;
				INFOPLIST_KEY_UISupportedInterfaceOrientations = UIInterfaceOrientationPortrait;
				INFOPLIST_KEY_UISupportedInterfaceOrientations_iPad = "UIInterfaceOrientationLandscapeLeft UIInterfaceOrientationLandscapeRight UIInterfaceOrientationPortrait UIInterfaceOrientationPortraitUpsideDown";
				IPHONEOS_DEPLOYMENT_TARGET = 16.0;
				LD_RUNPATH_SEARCH_PATHS = (
					"$(inherited)",
					"@executable_path/Frameworks",
				);
				MARKETING_VERSION = 1.0;
				PRODUCT_BUNDLE_IDENTIFIER = com.EmotionDesign;
				PRODUCT_NAME = "$(TARGET_NAME)";
				SUPPORTED_PLATFORMS = "iphoneos iphonesimulator";
				SUPPORTS_MACCATALYST = NO;
				SUPPORTS_MAC_DESIGNED_FOR_IPHONE_IPAD = NO;
				SWIFT_EMIT_LOC_STRINGS = YES;
				SWIFT_VERSION = 5.0;
				TARGETED_DEVICE_FAMILY = 1;
			};
			name = Debug;
		};
		51D41527298132BF001D367B /* Release */ = {
			isa = XCBuildConfiguration;
			buildSettings = {
				ASSETCATALOG_COMPILER_APPICON_NAME = AppIcon;
				ASSETCATALOG_COMPILER_GLOBAL_ACCENT_COLOR_NAME = AccentColor;
				CODE_SIGN_ENTITLEMENTS = EmotionDesign/EmotionDesign.entitlements;
				CODE_SIGN_STYLE = Automatic;
				CURRENT_PROJECT_VERSION = 2;
				DEVELOPMENT_ASSET_PATHS = "\"EmotionDesign/Preview Content\"";
				DEVELOPMENT_TEAM = GB5Z88B74J;
				ENABLE_PREVIEWS = YES;
				GENERATE_INFOPLIST_FILE = YES;
				INFOPLIST_FILE = EmotionDesign/Info.plist;
				INFOPLIST_KEY_UIApplicationSceneManifest_Generation = YES;
				INFOPLIST_KEY_UIApplicationSupportsIndirectInputEvents = YES;
				INFOPLIST_KEY_UILaunchScreen_Generation = YES;
				INFOPLIST_KEY_UISupportedInterfaceOrientations = UIInterfaceOrientationPortrait;
				INFOPLIST_KEY_UISupportedInterfaceOrientations_iPad = "UIInterfaceOrientationLandscapeLeft UIInterfaceOrientationLandscapeRight UIInterfaceOrientationPortrait UIInterfaceOrientationPortraitUpsideDown";
				IPHONEOS_DEPLOYMENT_TARGET = 16.0;
				LD_RUNPATH_SEARCH_PATHS = (
					"$(inherited)",
					"@executable_path/Frameworks",
				);
				MARKETING_VERSION = 1.0;
				PRODUCT_BUNDLE_IDENTIFIER = com.EmotionDesign;
				PRODUCT_NAME = "$(TARGET_NAME)";
				SUPPORTED_PLATFORMS = "iphoneos iphonesimulator";
				SUPPORTS_MACCATALYST = NO;
				SUPPORTS_MAC_DESIGNED_FOR_IPHONE_IPAD = NO;
				SWIFT_EMIT_LOC_STRINGS = YES;
				SWIFT_VERSION = 5.0;
				TARGETED_DEVICE_FAMILY = 1;
			};
			name = Release;
		};
/* End XCBuildConfiguration section */

/* Begin XCConfigurationList section */
		51D41512298132BB001D367B /* Build configuration list for PBXProject "EmotionDesign" */ = {
			isa = XCConfigurationList;
			buildConfigurations = (
				51D41523298132BF001D367B /* Debug */,
				51D41524298132BF001D367B /* Release */,
			);
			defaultConfigurationIsVisible = 0;
			defaultConfigurationName = Release;
		};
		51D41525298132BF001D367B /* Build configuration list for PBXNativeTarget "EmotionDesign" */ = {
			isa = XCConfigurationList;
			buildConfigurations = (
				51D41526298132BF001D367B /* Debug */,
				51D41527298132BF001D367B /* Release */,
			);
			defaultConfigurationIsVisible = 0;
			defaultConfigurationName = Release;
		};
/* End XCConfigurationList section */

/* Begin XCVersionGroup section */
		5162FBD7299567CA00E34A85 /* EmotionDesign.xcdatamodeld */ = {
			isa = XCVersionGroup;
			children = (
				5162FBD8299567CA00E34A85 /* EmotionDesign.xcdatamodel */,
			);
			currentVersion = 5162FBD8299567CA00E34A85 /* EmotionDesign.xcdatamodel */;
			path = EmotionDesign.xcdatamodeld;
			sourceTree = "<group>";
			versionGroupType = wrapper.xcdatamodel;
		};
/* End XCVersionGroup section */
	};
	rootObject = 51D4150F298132BB001D367B /* Project object */;
}
